
Microsoft Visual Studio Solution File, Format Version 12.00
# Visual Studio Version 17
VisualStudioVersion = 17.12.35527.113 d17.12
MinimumVisualStudioVersion = 10.0.40219.1
Project("{FAE04EC0-301F-11D3-BF4B-00C04F79EFBC}") = "WinFormsApp9", "WinFormsApp9\WinFormsApp9.csproj", "{AD6537CD-B8C8-4DBE-B5DB-4FCEF4B4CF8C}"
EndProject
Global
	GlobalSection(SolutionConfigurationPlatforms) = preSolution
		Debug|Any CPU = Debug|Any CPU
		Release|Any CPU = Release|Any CPU
	EndGlobalSection
	GlobalSection(ProjectConfigurationPlatforms) = postSolution
		{AD6537CD-B8C8-4DBE-B5DB-4FCEF4B4CF8C}.Debug|Any CPU.ActiveCfg = Debug|Any CPU
		{AD6537CD-B8C8-4DBE-B5DB-4FCEF4B4CF8C}.Debug|Any CPU.Build.0 = Debug|Any CPU
		{AD6537CD-B8C8-4DBE-B5DB-4FCEF4B4CF8C}.Release|Any CPU.ActiveCfg = Release|Any CPU
		{AD6537CD-B8C8-4DBE-B5DB-4FCEF4B4CF8C}.Release|Any CPU.Build.0 = Release|Any CPU
	EndGlobalSection
	GlobalSection(SolutionProperties) = preSolution
		HideSolutionNode = FALSE
	EndGlobalSection
EndGlobal
